
Microsoft Visual Studio Solution File, Format Version 12.00
# Visual Studio 15
VisualStudioVersion = 15.0.28307.960
MinimumVisualStudioVersion = 10.0.40219.1
Project("{FAE04EC0-301F-11D3-BF4B-00C04F79EFBC}") = "ReverseCipher", "ReverseCipher\ReverseCipher.csproj", "{7CF76358-CC8C-4B04-A3AB-C0302FA9260C}"
EndProject
Global
	GlobalSection(SolutionConfigurationPlatforms) = preSolution
		Debug|Any CPU = Debug|Any CPU
		Release|Any CPU = Release|Any CPU
	EndGlobalSection
	GlobalSection(ProjectConfigurationPlatforms) = postSolution
		{7CF76358-CC8C-4B04-A3AB-C0302FA9260C}.Debug|Any CPU.ActiveCfg = Debug|Any CPU
		{7CF76358-CC8C-4B04-A3AB-C0302FA9260C}.Debug|Any CPU.Build.0 = Debug|Any CPU
		{7CF76358-CC8C-4B04-A3AB-C0302FA9260C}.Release|Any CPU.ActiveCfg = Release|Any CPU
		{7CF76358-CC8C-4B04-A3AB-C0302FA9260C}.Release|Any CPU.Build.0 = Release|Any CPU
	EndGlobalSection
	GlobalSection(SolutionProperties) = preSolution
		HideSolutionNode = FALSE
	EndGlobalSection
	GlobalSection(ExtensibilityGlobals) = postSolution
		SolutionGuid = {099A2FCD-CD51-4B6D-B43D-7FD2405C334F}
	EndGlobalSection
EndGlobal
